
Microsoft Visual Studio Solution File, Format Version 12.00
# Visual Studio Version 17
VisualStudioVersion = 17.9.34607.119
MinimumVisualStudioVersion = 10.0.40219.1
Project("{FAE04EC0-301F-11D3-BF4B-00C04F79EFBC}") = "lab1ex3", "lab1ex3\lab1ex3.csproj", "{5B35E34E-91D7-40FE-815E-1832EDA57DA6}"
EndProject
Global
	GlobalSection(SolutionConfigurationPlatforms) = preSolution
		Debug|Any CPU = Debug|Any CPU
		Release|Any CPU = Release|Any CPU
	EndGlobalSection
	GlobalSection(ProjectConfigurationPlatforms) = postSolution
		{5B35E34E-91D7-40FE-815E-1832EDA57DA6}.Debug|Any CPU.ActiveCfg = Debug|Any CPU
		{5B35E34E-91D7-40FE-815E-1832EDA57DA6}.Debug|Any CPU.Build.0 = Debug|Any CPU
		{5B35E34E-91D7-40FE-815E-1832EDA57DA6}.Release|Any CPU.ActiveCfg = Release|Any CPU
		{5B35E34E-91D7-40FE-815E-1832EDA57DA6}.Release|Any CPU.Build.0 = Release|Any CPU
	EndGlobalSection
	GlobalSection(SolutionProperties) = preSolution
		HideSolutionNode = FALSE
	EndGlobalSection
	GlobalSection(ExtensibilityGlobals) = postSolution
		SolutionGuid = {00039B82-48C3-4B61-AF7E-51ABE0D7D344}
	EndGlobalSection
EndGlobal
